
Microsoft Visual Studio Solution File, Format Version 12.00
# Visual Studio Version 16
VisualStudioVersion = 16.0.34114.132
MinimumVisualStudioVersion = 10.0.40219.1
Project("{FAE04EC0-301F-11D3-BF4B-00C04F79EFBC}") = "ImageResolutionTool", "ImageResolutionTool.csproj", "{48EDB60E-BA28-4AF0-9452-B746FD479AB8}"
EndProject
Global
	GlobalSection(SolutionConfigurationPlatforms) = preSolution
		Debug|Any CPU = Debug|Any CPU
		Release|Any CPU = Release|Any CPU
	EndGlobalSection
	GlobalSection(ProjectConfigurationPlatforms) = postSolution
		{48EDB60E-BA28-4AF0-9452-B746FD479AB8}.Debug|Any CPU.ActiveCfg = Debug|Any CPU
		{48EDB60E-BA28-4AF0-9452-B746FD479AB8}.Debug|Any CPU.Build.0 = Debug|Any CPU
		{48EDB60E-BA28-4AF0-9452-B746FD479AB8}.Release|Any CPU.ActiveCfg = Release|Any CPU
		{48EDB60E-BA28-4AF0-9452-B746FD479AB8}.Release|Any CPU.Build.0 = Release|Any CPU
	EndGlobalSection
	GlobalSection(SolutionProperties) = preSolution
		HideSolutionNode = FALSE
	EndGlobalSection
	GlobalSection(ExtensibilityGlobals) = postSolution
		SolutionGuid = {28B544EF-D822-4F3A-8E61-68B8465D0491}
	EndGlobalSection
EndGlobal
